// !$*UTF8*$!
{
	archiveVersion = 1;
	classes = {
	};
	objectVersion = 55;
	objects = {

/* Begin PBXBuildFile section */
		6407337227B3FED70035C792 /* ContactUs.swift in Sources */ = {isa = PBXBuildFile; fileRef = 6407337127B3FED70035C792 /* ContactUs.swift */; };
		6407337427B400130035C792 /* Devices.swift in Sources */ = {isa = PBXBuildFile; fileRef = 6407337327B400130035C792 /* Devices.swift */; };
		6407337627B400290035C792 /* AppInfo.swift in Sources */ = {isa = PBXBuildFile; fileRef = 6407337527B400290035C792 /* AppInfo.swift */; };
		6407337827B4003C0035C792 /* FAQs.swift in Sources */ = {isa = PBXBuildFile; fileRef = 6407337727B4003C0035C792 /* FAQs.swift */; };
		6407337A27B400660035C792 /* AppProficiencies.swift in Sources */ = {isa = PBXBuildFile; fileRef = 6407337927B400660035C792 /* AppProficiencies.swift */; };
		6407337E27B444250035C792 /* ProfileUser.swift in Sources */ = {isa = PBXBuildFile; fileRef = 6407337D27B444250035C792 /* ProfileUser.swift */; };
		6407338027B446CB0035C792 /* SignInApple.swift in Sources */ = {isa = PBXBuildFile; fileRef = 6407337F27B446CB0035C792 /* SignInApple.swift */; };
		9805F15327AC317A00DCEBCF /* UserData.swift in Sources */ = {isa = PBXBuildFile; fileRef = 9805F15227AC317A00DCEBCF /* UserData.swift */; };
		9805F15527AC39EB00DCEBCF /* BigButtonViewExample.swift in Sources */ = {isa = PBXBuildFile; fileRef = 9805F15427AC39EB00DCEBCF /* BigButtonViewExample.swift */; };
		989B95EA27AADB6A00179F46 /* TekITApp.swift in Sources */ = {isa = PBXBuildFile; fileRef = 989B95E927AADB6A00179F46 /* TekITApp.swift */; };
		989B95EC27AADB6A00179F46 /* ContentView.swift in Sources */ = {isa = PBXBuildFile; fileRef = 989B95EB27AADB6A00179F46 /* ContentView.swift */; };
		989B95EE27AADB6B00179F46 /* Assets.xcassets in Resources */ = {isa = PBXBuildFile; fileRef = 989B95ED27AADB6B00179F46 /* Assets.xcassets */; };
		989B95F127AADB6B00179F46 /* Preview Assets.xcassets in Resources */ = {isa = PBXBuildFile; fileRef = 989B95F027AADB6B00179F46 /* Preview Assets.xcassets */; };
		989B95F827AAEC8D00179F46 /* BigButtonView.swift in Sources */ = {isa = PBXBuildFile; fileRef = 989B95F727AAEC8D00179F46 /* BigButtonView.swift */; };
		98AF54EA27B1644D005A07AD /* RoleView.swift in Sources */ = {isa = PBXBuildFile; fileRef = 98AF54E927B1644D005A07AD /* RoleView.swift */; };
		98AF54EC27B16461005A07AD /* SignUpView.swift in Sources */ = {isa = PBXBuildFile; fileRef = 98AF54EB27B16461005A07AD /* SignUpView.swift */; };
		98AF54EE27B1646D005A07AD /* HelpView.swift in Sources */ = {isa = PBXBuildFile; fileRef = 98AF54ED27B1646D005A07AD /* HelpView.swift */; };
		98AF54F027B16488005A07AD /* RequestSpecificHelpView.swift in Sources */ = {isa = PBXBuildFile; fileRef = 98AF54EF27B16488005A07AD /* RequestSpecificHelpView.swift */; };
		98AF54F227B16499005A07AD /* ProfileView.swift in Sources */ = {isa = PBXBuildFile; fileRef = 98AF54F127B16499005A07AD /* ProfileView.swift */; };
		98AF54F427B164A5005A07AD /* CommunityView.swift in Sources */ = {isa = PBXBuildFile; fileRef = 98AF54F327B164A5005A07AD /* CommunityView.swift */; };
		98AF54F827B16A82005A07AD /* UserTabView.swift in Sources */ = {isa = PBXBuildFile; fileRef = 98AF54F727B16A82005A07AD /* UserTabView.swift */; };
		98AF54FB27B16B01005A07AD /* VolunteerTabView.swift in Sources */ = {isa = PBXBuildFile; fileRef = 98AF54FA27B16B01005A07AD /* VolunteerTabView.swift */; };
/* End PBXBuildFile section */

/* Begin PBXFileReference section */
		6407337127B3FED70035C792 /* ContactUs.swift */ = {isa = PBXFileReference; lastKnownFileType = sourcecode.swift; path = ContactUs.swift; sourceTree = "<group>"; };
		6407337327B400130035C792 /* Devices.swift */ = {isa = PBXFileReference; lastKnownFileType = sourcecode.swift; path = Devices.swift; sourceTree = "<group>"; };
		6407337527B400290035C792 /* AppInfo.swift */ = {isa = PBXFileReference; lastKnownFileType = sourcecode.swift; path = AppInfo.swift; sourceTree = "<group>"; };
		6407337727B4003C0035C792 /* FAQs.swift */ = {isa = PBXFileReference; lastKnownFileType = sourcecode.swift; path = FAQs.swift; sourceTree = "<group>"; };
		6407337927B400660035C792 /* AppProficiencies.swift */ = {isa = PBXFileReference; lastKnownFileType = sourcecode.swift; path = AppProficiencies.swift; sourceTree = "<group>"; };
		6407337D27B444250035C792 /* ProfileUser.swift */ = {isa = PBXFileReference; lastKnownFileType = sourcecode.swift; path = ProfileUser.swift; sourceTree = "<group>"; };
		6407337F27B446CB0035C792 /* SignInApple.swift */ = {isa = PBXFileReference; lastKnownFileType = sourcecode.swift; path = SignInApple.swift; sourceTree = "<group>"; };
		9805F15227AC317A00DCEBCF /* UserData.swift */ = {isa = PBXFileReference; lastKnownFileType = sourcecode.swift; path = UserData.swift; sourceTree = "<group>"; };
		9805F15427AC39EB00DCEBCF /* BigButtonViewExample.swift */ = {isa = PBXFileReference; lastKnownFileType = sourcecode.swift; path = BigButtonViewExample.swift; sourceTree = "<group>"; };
		989B95E627AADB6A00179F46 /* TekIT.app */ = {isa = PBXFileReference; explicitFileType = wrapper.application; includeInIndex = 0; path = TekIT.app; sourceTree = BUILT_PRODUCTS_DIR; };
		989B95E927AADB6A00179F46 /* TekITApp.swift */ = {isa = PBXFileReference; lastKnownFileType = sourcecode.swift; path = TekITApp.swift; sourceTree = "<group>"; };
		989B95EB27AADB6A00179F46 /* ContentView.swift */ = {isa = PBXFileReference; lastKnownFileType = sourcecode.swift; path = ContentView.swift; sourceTree = "<group>"; };
		989B95ED27AADB6B00179F46 /* Assets.xcassets */ = {isa = PBXFileReference; lastKnownFileType = folder.assetcatalog; path = Assets.xcassets; sourceTree = "<group>"; };
		989B95F027AADB6B00179F46 /* Preview Assets.xcassets */ = {isa = PBXFileReference; lastKnownFileType = folder.assetcatalog; path = "Preview Assets.xcassets"; sourceTree = "<group>"; };
		989B95F727AAEC8D00179F46 /* BigButtonView.swift */ = {isa = PBXFileReference; lastKnownFileType = sourcecode.swift; path = BigButtonView.swift; sourceTree = "<group>"; };
		98AF54E927B1644D005A07AD /* RoleView.swift */ = {isa = PBXFileReference; lastKnownFileType = sourcecode.swift; path = RoleView.swift; sourceTree = "<group>"; };
		98AF54EB27B16461005A07AD /* SignUpView.swift */ = {isa = PBXFileReference; lastKnownFileType = sourcecode.swift; path = SignUpView.swift; sourceTree = "<group>"; };
		98AF54ED27B1646D005A07AD /* HelpView.swift */ = {isa = PBXFileReference; lastKnownFileType = sourcecode.swift; path = HelpView.swift; sourceTree = "<group>"; };
		98AF54EF27B16488005A07AD /* RequestSpecificHelpView.swift */ = {isa = PBXFileReference; lastKnownFileType = sourcecode.swift; path = RequestSpecificHelpView.swift; sourceTree = "<group>"; };
		98AF54F127B16499005A07AD /* ProfileView.swift */ = {isa = PBXFileReference; lastKnownFileType = sourcecode.swift; path = ProfileView.swift; sourceTree = "<group>"; };
		98AF54F327B164A5005A07AD /* CommunityView.swift */ = {isa = PBXFileReference; lastKnownFileType = sourcecode.swift; path = CommunityView.swift; sourceTree = "<group>"; };
		98AF54F727B16A82005A07AD /* UserTabView.swift */ = {isa = PBXFileReference; lastKnownFileType = sourcecode.swift; path = UserTabView.swift; sourceTree = "<group>"; };
		98AF54FA27B16B01005A07AD /* VolunteerTabView.swift */ = {isa = PBXFileReference; lastKnownFileType = sourcecode.swift; path = VolunteerTabView.swift; sourceTree = "<group>"; };
		98DA61F127AD688F003E8FCE /* CallButtonView.swift */ = {isa = PBXFileReference; lastKnownFileType = sourcecode.swift; path = CallButtonView.swift; sourceTree = "<group>"; };
/* End PBXFileReference section */

/* Begin PBXFrameworksBuildPhase section */
		989B95E327AADB6A00179F46 /* Frameworks */ = {
			isa = PBXFrameworksBuildPhase;
			buildActionMask = 2147483647;
			files = (
			);
			runOnlyForDeploymentPostprocessing = 0;
		};
/* End PBXFrameworksBuildPhase section */

/* Begin PBXGroup section */
		989B95DD27AADB6A00179F46 = {
			isa = PBXGroup;
			children = (
				989B95E827AADB6A00179F46 /* TekIT */,
				989B95E727AADB6A00179F46 /* Products */,
			);
			sourceTree = "<group>";
		};
		989B95E727AADB6A00179F46 /* Products */ = {
			isa = PBXGroup;
			children = (
				989B95E627AADB6A00179F46 /* TekIT.app */,
			);
			name = Products;
			sourceTree = "<group>";
		};
		989B95E827AADB6A00179F46 /* TekIT */ = {
			isa = PBXGroup;
			children = (
				989B95E927AADB6A00179F46 /* TekITApp.swift */,
				989B95EB27AADB6A00179F46 /* ContentView.swift */,
				98AF54F527B16A52005A07AD /* RoleViews */,
				98AF54E827B163FF005A07AD /* Screens */,
				98AF54E727B162CA005A07AD /* Views */,
				98AF54E627B162C1005A07AD /* DataModels */,
				989B95ED27AADB6B00179F46 /* Assets.xcassets */,
				989B95EF27AADB6B00179F46 /* Preview Content */,
			);
			path = TekIT;
			sourceTree = "<group>";
		};
		989B95EF27AADB6B00179F46 /* Preview Content */ = {
			isa = PBXGroup;
			children = (
				989B95F027AADB6B00179F46 /* Preview Assets.xcassets */,
			);
			path = "Preview Content";
			sourceTree = "<group>";
		};
		98AF54E627B162C1005A07AD /* DataModels */ = {
			isa = PBXGroup;
			children = (
				9805F15227AC317A00DCEBCF /* UserData.swift */,
			);
			path = DataModels;
			sourceTree = "<group>";
		};
		98AF54E727B162CA005A07AD /* Views */ = {
			isa = PBXGroup;
			children = (
				9805F15427AC39EB00DCEBCF /* BigButtonViewExample.swift */,
				989B95F727AAEC8D00179F46 /* BigButtonView.swift */,
				98DA61F127AD688F003E8FCE /* CallButtonView.swift */,
			);
			path = Views;
			sourceTree = "<group>";
		};
		98AF54E827B163FF005A07AD /* Screens */ = {
			isa = PBXGroup;
			children = (
				98AF54E927B1644D005A07AD /* RoleView.swift */,
				98AF54EB27B16461005A07AD /* SignUpView.swift */,
				98AF54ED27B1646D005A07AD /* HelpView.swift */,
				98AF54EF27B16488005A07AD /* RequestSpecificHelpView.swift */,
				98AF54F127B16499005A07AD /* ProfileView.swift */,
				6407337D27B444250035C792 /* ProfileUser.swift */,
				6407337F27B446CB0035C792 /* SignInApple.swift */,
				6407337127B3FED70035C792 /* ContactUs.swift */,
				6407337327B400130035C792 /* Devices.swift */,
				6407337527B400290035C792 /* AppInfo.swift */,
				6407337727B4003C0035C792 /* FAQs.swift */,
				6407337927B400660035C792 /* AppProficiencies.swift */,
				98AF54F327B164A5005A07AD /* CommunityView.swift */,
			);
			path = Screens;
			sourceTree = "<group>";
		};
		98AF54F527B16A52005A07AD /* RoleViews */ = {
			isa = PBXGroup;
			children = (
				98AF54F927B16AED005A07AD /* Volunteer */,
				98AF54F627B16A70005A07AD /* User */,
			);
			path = RoleViews;
			sourceTree = "<group>";
		};
		98AF54F627B16A70005A07AD /* User */ = {
			isa = PBXGroup;
			children = (
				98AF54F727B16A82005A07AD /* UserTabView.swift */,
			);
			path = User;
			sourceTree = "<group>";
		};
		98AF54F927B16AED005A07AD /* Volunteer */ = {
			isa = PBXGroup;
			children = (
				98AF54FA27B16B01005A07AD /* VolunteerTabView.swift */,
			);
			path = Volunteer;
			sourceTree = "<group>";
		};
/* End PBXGroup section */

/* Begin PBXNativeTarget section */
		989B95E527AADB6A00179F46 /* TekIT */ = {
			isa = PBXNativeTarget;
			buildConfigurationList = 989B95F427AADB6B00179F46 /* Build configuration list for PBXNativeTarget "TekIT" */;
			buildPhases = (
				989B95E227AADB6A00179F46 /* Sources */,
				989B95E327AADB6A00179F46 /* Frameworks */,
				989B95E427AADB6A00179F46 /* Resources */,
			);
			buildRules = (
			);
			dependencies = (
			);
			name = TekIT;
			productName = TekIT;
			productReference = 989B95E627AADB6A00179F46 /* TekIT.app */;
			productType = "com.apple.product-type.application";
		};
/* End PBXNativeTarget section */

/* Begin PBXProject section */
		989B95DE27AADB6A00179F46 /* Project object */ = {
			isa = PBXProject;
			attributes = {
				BuildIndependentTargetsInParallel = 1;
				LastSwiftUpdateCheck = 1320;
				LastUpgradeCheck = 1320;
				TargetAttributes = {
					989B95E527AADB6A00179F46 = {
						CreatedOnToolsVersion = 13.2.1;
					};
				};
			};
			buildConfigurationList = 989B95E127AADB6A00179F46 /* Build configuration list for PBXProject "TekIT" */;
			compatibilityVersion = "Xcode 13.0";
			developmentRegion = en;
			hasScannedForEncodings = 0;
			knownRegions = (
				en,
				Base,
			);
			mainGroup = 989B95DD27AADB6A00179F46;
			productRefGroup = 989B95E727AADB6A00179F46 /* Products */;
			projectDirPath = "";
			projectRoot = "";
			targets = (
				989B95E527AADB6A00179F46 /* TekIT */,
			);
		};
/* End PBXProject section */

/* Begin PBXResourcesBuildPhase section */
		989B95E427AADB6A00179F46 /* Resources */ = {
			isa = PBXResourcesBuildPhase;
			buildActionMask = 2147483647;
			files = (
				989B95F127AADB6B00179F46 /* Preview Assets.xcassets in Resources */,
				989B95EE27AADB6B00179F46 /* Assets.xcassets in Resources */,
			);
			runOnlyForDeploymentPostprocessing = 0;
		};
/* End PBXResourcesBuildPhase section */

/* Begin PBXSourcesBuildPhase section */
		989B95E227AADB6A00179F46 /* Sources */ = {
			isa = PBXSourcesBuildPhase;
			buildActionMask = 2147483647;
			files = (
				989B95EC27AADB6A00179F46 /* ContentView.swift in Sources */,
				98AF54EC27B16461005A07AD /* SignUpView.swift in Sources */,
				6407337427B400130035C792 /* Devices.swift in Sources */,
				98AF54F227B16499005A07AD /* ProfileView.swift in Sources */,
				989B95EA27AADB6A00179F46 /* TekITApp.swift in Sources */,
				6407337627B400290035C792 /* AppInfo.swift in Sources */,
				98AF54EA27B1644D005A07AD /* RoleView.swift in Sources */,
				6407337227B3FED70035C792 /* ContactUs.swift in Sources */,
				98AF54F827B16A82005A07AD /* UserTabView.swift in Sources */,
				6407337E27B444250035C792 /* ProfileUser.swift in Sources */,
				6407338027B446CB0035C792 /* SignInApple.swift in Sources */,
				98AF54FB27B16B01005A07AD /* VolunteerTabView.swift in Sources */,
				98AF54F427B164A5005A07AD /* CommunityView.swift in Sources */,
				9805F15527AC39EB00DCEBCF /* BigButtonViewExample.swift in Sources */,
				98AF54EE27B1646D005A07AD /* HelpView.swift in Sources */,
				9805F15327AC317A00DCEBCF /* UserData.swift in Sources */,
				98AF54F027B16488005A07AD /* RequestSpecificHelpView.swift in Sources */,
				6407337827B4003C0035C792 /* FAQs.swift in Sources */,
				989B95F827AAEC8D00179F46 /* BigButtonView.swift in Sources */,
				6407337A27B400660035C792 /* AppProficiencies.swift in Sources */,
			);
			runOnlyForDeploymentPostprocessing = 0;
		};
/* End PBXSourcesBuildPhase section */

/* Begin XCBuildConfiguration section */
		989B95F227AADB6B00179F46 /* Debug */ = {
			isa = XCBuildConfiguration;
			buildSettings = {
				ALWAYS_SEARCH_USER_PATHS = NO;
				CLANG_ANALYZER_NONNULL = YES;
				CLANG_ANALYZER_NUMBER_OBJECT_CONVERSION = YES_AGGRESSIVE;
				CLANG_CXX_LANGUAGE_STANDARD = "gnu++17";
				CLANG_CXX_LIBRARY = "libc++";
				CLANG_ENABLE_MODULES = YES;
				CLANG_ENABLE_OBJC_ARC = YES;
				CLANG_ENABLE_OBJC_WEAK = YES;
				CLANG_WARN_BLOCK_CAPTURE_AUTORELEASING = YES;
				CLANG_WARN_BOOL_CONVERSION = YES;
				CLANG_WARN_COMMA = YES;
				CLANG_WARN_CONSTANT_CONVERSION = YES;
				CLANG_WARN_DEPRECATED_OBJC_IMPLEMENTATIONS = YES;
				CLANG_WARN_DIRECT_OBJC_ISA_USAGE = YES_ERROR;
				CLANG_WARN_DOCUMENTATION_COMMENTS = YES;
				CLANG_WARN_EMPTY_BODY = YES;
				CLANG_WARN_ENUM_CONVERSION = YES;
				CLANG_WARN_INFINITE_RECURSION = YES;
				CLANG_WARN_INT_CONVERSION = YES;
				CLANG_WARN_NON_LITERAL_NULL_CONVERSION = YES;
				CLANG_WARN_OBJC_IMPLICIT_RETAIN_SELF = YES;
				CLANG_WARN_OBJC_LITERAL_CONVERSION = YES;
				CLANG_WARN_OBJC_ROOT_CLASS = YES_ERROR;
				CLANG_WARN_QUOTED_INCLUDE_IN_FRAMEWORK_HEADER = YES;
				CLANG_WARN_RANGE_LOOP_ANALYSIS = YES;
				CLANG_WARN_STRICT_PROTOTYPES = YES;
				CLANG_WARN_SUSPICIOUS_MOVE = YES;
				CLANG_WARN_UNGUARDED_AVAILABILITY = YES_AGGRESSIVE;
				CLANG_WARN_UNREACHABLE_CODE = YES;
				CLANG_WARN__DUPLICATE_METHOD_MATCH = YES;
				COPY_PHASE_STRIP = NO;
				DEBUG_INFORMATION_FORMAT = dwarf;
				ENABLE_STRICT_OBJC_MSGSEND = YES;
				ENABLE_TESTABILITY = YES;
				GCC_C_LANGUAGE_STANDARD = gnu11;
				GCC_DYNAMIC_NO_PIC = NO;
				GCC_NO_COMMON_BLOCKS = YES;
				GCC_OPTIMIZATION_LEVEL = 0;
				GCC_PREPROCESSOR_DEFINITIONS = (
					"DEBUG=1",
					"$(inherited)",
				);
				GCC_WARN_64_TO_32_BIT_CONVERSION = YES;
				GCC_WARN_ABOUT_RETURN_TYPE = YES_ERROR;
				GCC_WARN_UNDECLARED_SELECTOR = YES;
				GCC_WARN_UNINITIALIZED_AUTOS = YES_AGGRESSIVE;
				GCC_WARN_UNUSED_FUNCTION = YES;
				GCC_WARN_UNUSED_VARIABLE = YES;
				IPHONEOS_DEPLOYMENT_TARGET = 15.2;
				MTL_ENABLE_DEBUG_INFO = INCLUDE_SOURCE;
				MTL_FAST_MATH = YES;
				ONLY_ACTIVE_ARCH = YES;
				SDKROOT = iphoneos;
				SWIFT_ACTIVE_COMPILATION_CONDITIONS = DEBUG;
				SWIFT_OPTIMIZATION_LEVEL = "-Onone";
			};
			name = Debug;
		};
		989B95F327AADB6B00179F46 /* Release */ = {
			isa = XCBuildConfiguration;
			buildSettings = {
				ALWAYS_SEARCH_USER_PATHS = NO;
				CLANG_ANALYZER_NONNULL = YES;
				CLANG_ANALYZER_NUMBER_OBJECT_CONVERSION = YES_AGGRESSIVE;
				CLANG_CXX_LANGUAGE_STANDARD = "gnu++17";
				CLANG_CXX_LIBRARY = "libc++";
				CLANG_ENABLE_MODULES = YES;
				CLANG_ENABLE_OBJC_ARC = YES;
				CLANG_ENABLE_OBJC_WEAK = YES;
				CLANG_WARN_BLOCK_CAPTURE_AUTORELEASING = YES;
				CLANG_WARN_BOOL_CONVERSION = YES;
				CLANG_WARN_COMMA = YES;
				CLANG_WARN_CONSTANT_CONVERSION = YES;
				CLANG_WARN_DEPRECATED_OBJC_IMPLEMENTATIONS = YES;
				CLANG_WARN_DIRECT_OBJC_ISA_USAGE = YES_ERROR;
				CLANG_WARN_DOCUMENTATION_COMMENTS = YES;
				CLANG_WARN_EMPTY_BODY = YES;
				CLANG_WARN_ENUM_CONVERSION = YES;
				CLANG_WARN_INFINITE_RECURSION = YES;
				CLANG_WARN_INT_CONVERSION = YES;
				CLANG_WARN_NON_LITERAL_NULL_CONVERSION = YES;
				CLANG_WARN_OBJC_IMPLICIT_RETAIN_SELF = YES;
				CLANG_WARN_OBJC_LITERAL_CONVERSION = YES;
				CLANG_WARN_OBJC_ROOT_CLASS = YES_ERROR;
				CLANG_WARN_QUOTED_INCLUDE_IN_FRAMEWORK_HEADER = YES;
				CLANG_WARN_RANGE_LOOP_ANALYSIS = YES;
				CLANG_WARN_STRICT_PROTOTYPES = YES;
				CLANG_WARN_SUSPICIOUS_MOVE = YES;
				CLANG_WARN_UNGUARDED_AVAILABILITY = YES_AGGRESSIVE;
				CLANG_WARN_UNREACHABLE_CODE = YES;
				CLANG_WARN__DUPLICATE_METHOD_MATCH = YES;
				COPY_PHASE_STRIP = NO;
				DEBUG_INFORMATION_FORMAT = "dwarf-with-dsym";
				ENABLE_NS_ASSERTIONS = NO;
				ENABLE_STRICT_OBJC_MSGSEND = YES;
				GCC_C_LANGUAGE_STANDARD = gnu11;
				GCC_NO_COMMON_BLOCKS = YES;
				GCC_WARN_64_TO_32_BIT_CONVERSION = YES;
				GCC_WARN_ABOUT_RETURN_TYPE = YES_ERROR;
				GCC_WARN_UNDECLARED_SELECTOR = YES;
				GCC_WARN_UNINITIALIZED_AUTOS = YES_AGGRESSIVE;
				GCC_WARN_UNUSED_FUNCTION = YES;
				GCC_WARN_UNUSED_VARIABLE = YES;
				IPHONEOS_DEPLOYMENT_TARGET = 15.2;
				MTL_ENABLE_DEBUG_INFO = NO;
				MTL_FAST_MATH = YES;
				SDKROOT = iphoneos;
				SWIFT_COMPILATION_MODE = wholemodule;
				SWIFT_OPTIMIZATION_LEVEL = "-O";
				VALIDATE_PRODUCT = YES;
			};
			name = Release;
		};
		989B95F527AADB6B00179F46 /* Debug */ = {
			isa = XCBuildConfiguration;
			buildSettings = {
				ASSETCATALOG_COMPILER_APPICON_NAME = AppIcon;
				ASSETCATALOG_COMPILER_GLOBAL_ACCENT_COLOR_NAME = AccentColor;
				CODE_SIGN_STYLE = Automatic;
				CURRENT_PROJECT_VERSION = 1;
				DEVELOPMENT_ASSET_PATHS = "\"TekIT/Preview Content\"";
				DEVELOPMENT_TEAM = 3KMYQ4PHN2;
				ENABLE_PREVIEWS = YES;
				GENERATE_INFOPLIST_FILE = YES;
				INFOPLIST_KEY_UIApplicationSceneManifest_Generation = YES;
				INFOPLIST_KEY_UIApplicationSupportsIndirectInputEvents = YES;
				INFOPLIST_KEY_UILaunchScreen_Generation = YES;
				INFOPLIST_KEY_UISupportedInterfaceOrientations_iPad = "UIInterfaceOrientationPortrait UIInterfaceOrientationPortraitUpsideDown UIInterfaceOrientationLandscapeLeft UIInterfaceOrientationLandscapeRight";
				INFOPLIST_KEY_UISupportedInterfaceOrientations_iPhone = "UIInterfaceOrientationPortrait UIInterfaceOrientationLandscapeLeft UIInterfaceOrientationLandscapeRight";
				LD_RUNPATH_SEARCH_PATHS = (
					"$(inherited)",
					"@executable_path/Frameworks",
				);
				MARKETING_VERSION = 1.0;
				PRODUCT_BUNDLE_IDENTIFIER = com.github.lrkhan.TekIT;
				PRODUCT_NAME = "$(TARGET_NAME)";
				SWIFT_EMIT_LOC_STRINGS = YES;
				SWIFT_VERSION = 5.0;
				TARGETED_DEVICE_FAMILY = "1,2";
			};
			name = Debug;
		};
		989B95F627AADB6B00179F46 /* Release */ = {
			isa = XCBuildConfiguration;
			buildSettings = {
				ASSETCATALOG_COMPILER_APPICON_NAME = AppIcon;
				ASSETCATALOG_COMPILER_GLOBAL_ACCENT_COLOR_NAME = AccentColor;
				CODE_SIGN_STYLE = Automatic;
				CURRENT_PROJECT_VERSION = 1;
				DEVELOPMENT_ASSET_PATHS = "\"TekIT/Preview Content\"";
				DEVELOPMENT_TEAM = 3KMYQ4PHN2;
				ENABLE_PREVIEWS = YES;
				GENERATE_INFOPLIST_FILE = YES;
				INFOPLIST_KEY_UIApplicationSceneManifest_Generation = YES;
				INFOPLIST_KEY_UIApplicationSupportsIndirectInputEvents = YES;
				INFOPLIST_KEY_UILaunchScreen_Generation = YES;
				INFOPLIST_KEY_UISupportedInterfaceOrientations_iPad = "UIInterfaceOrientationPortrait UIInterfaceOrientationPortraitUpsideDown UIInterfaceOrientationLandscapeLeft UIInterfaceOrientationLandscapeRight";
				INFOPLIST_KEY_UISupportedInterfaceOrientations_iPhone = "UIInterfaceOrientationPortrait UIInterfaceOrientationLandscapeLeft UIInterfaceOrientationLandscapeRight";
				LD_RUNPATH_SEARCH_PATHS = (
					"$(inherited)",
					"@executable_path/Frameworks",
				);
				MARKETING_VERSION = 1.0;
				PRODUCT_BUNDLE_IDENTIFIER = com.github.lrkhan.TekIT;
				PRODUCT_NAME = "$(TARGET_NAME)";
				SWIFT_EMIT_LOC_STRINGS = YES;
				SWIFT_VERSION = 5.0;
				TARGETED_DEVICE_FAMILY = "1,2";
			};
			name = Release;
		};
/* End XCBuildConfiguration section */

/* Begin XCConfigurationList section */
		989B95E127AADB6A00179F46 /* Build configuration list for PBXProject "TekIT" */ = {
			isa = XCConfigurationList;
			buildConfigurations = (
				989B95F227AADB6B00179F46 /* Debug */,
				989B95F327AADB6B00179F46 /* Release */,
			);
			defaultConfigurationIsVisible = 0;
			defaultConfigurationName = Release;
		};
		989B95F427AADB6B00179F46 /* Build configuration list for PBXNativeTarget "TekIT" */ = {
			isa = XCConfigurationList;
			buildConfigurations = (
				989B95F527AADB6B00179F46 /* Debug */,
				989B95F627AADB6B00179F46 /* Release */,
			);
			defaultConfigurationIsVisible = 0;
			defaultConfigurationName = Release;
		};
/* End XCConfigurationList section */
	};
	rootObject = 989B95DE27AADB6A00179F46 /* Project object */;
}
